
Microsoft Visual Studio Solution File, Format Version 12.00
# Visual Studio Version 17
VisualStudioVersion = 17.0.31919.166
MinimumVisualStudioVersion = 10.0.40219.1
Project("{FAE04EC0-301F-11D3-BF4B-00C04F79EFBC}") = "AEV7", "AEV7.csproj", "{FE6FE168-A595-4B7E-B9A2-E6EE6692E1FE}"
EndProject
Global
	GlobalSection(SolutionConfigurationPlatforms) = preSolution
		Debug|Any CPU = Debug|Any CPU
		Release|Any CPU = Release|Any CPU
	EndGlobalSection
	GlobalSection(ProjectConfigurationPlatforms) = postSolution
		{FE6FE168-A595-4B7E-B9A2-E6EE6692E1FE}.Debug|Any CPU.ActiveCfg = Debug|Any CPU
		{FE6FE168-A595-4B7E-B9A2-E6EE6692E1FE}.Debug|Any CPU.Build.0 = Debug|Any CPU
		{FE6FE168-A595-4B7E-B9A2-E6EE6692E1FE}.Release|Any CPU.ActiveCfg = Release|Any CPU
		{FE6FE168-A595-4B7E-B9A2-E6EE6692E1FE}.Release|Any CPU.Build.0 = Release|Any CPU
	EndGlobalSection
	GlobalSection(SolutionProperties) = preSolution
		HideSolutionNode = FALSE
	EndGlobalSection
	GlobalSection(ExtensibilityGlobals) = postSolution
		SolutionGuid = {598252D5-8C3D-4C4A-87F2-8566996FC48A}
	EndGlobalSection
EndGlobal
