
Microsoft Visual Studio Solution File, Format Version 12.00
# Visual Studio Version 16
VisualStudioVersion = 16.0.31911.196
MinimumVisualStudioVersion = 10.0.40219.1
Project("{FAE04EC0-301F-11D3-BF4B-00C04F79EFBC}") = "EJERCICIO4", "EJERCICIO4.csproj", "{8482DAEF-56D7-4D80-A67B-D678E8F2FAA3}"
EndProject
Global
	GlobalSection(SolutionConfigurationPlatforms) = preSolution
		Debug|Any CPU = Debug|Any CPU
		Release|Any CPU = Release|Any CPU
	EndGlobalSection
	GlobalSection(ProjectConfigurationPlatforms) = postSolution
		{8482DAEF-56D7-4D80-A67B-D678E8F2FAA3}.Debug|Any CPU.ActiveCfg = Debug|Any CPU
		{8482DAEF-56D7-4D80-A67B-D678E8F2FAA3}.Debug|Any CPU.Build.0 = Debug|Any CPU
		{8482DAEF-56D7-4D80-A67B-D678E8F2FAA3}.Release|Any CPU.ActiveCfg = Release|Any CPU
		{8482DAEF-56D7-4D80-A67B-D678E8F2FAA3}.Release|Any CPU.Build.0 = Release|Any CPU
	EndGlobalSection
	GlobalSection(SolutionProperties) = preSolution
		HideSolutionNode = FALSE
	EndGlobalSection
	GlobalSection(ExtensibilityGlobals) = postSolution
		SolutionGuid = {993298F0-B8E7-4C9A-80FD-3370659E2E26}
	EndGlobalSection
EndGlobal
