
Microsoft Visual Studio Solution File, Format Version 12.00
# Visual Studio Version 16
VisualStudioVersion = 16.0.31911.196
MinimumVisualStudioVersion = 10.0.40219.1
Project("{FAE04EC0-301F-11D3-BF4B-00C04F79EFBC}") = "EJERCICIO1", "EJERCICIO1.csproj", "{0A9FA8BE-8E76-4DEE-BBF6-7BB701F968AE}"
EndProject
Global
	GlobalSection(SolutionConfigurationPlatforms) = preSolution
		Debug|Any CPU = Debug|Any CPU
		Release|Any CPU = Release|Any CPU
	EndGlobalSection
	GlobalSection(ProjectConfigurationPlatforms) = postSolution
		{0A9FA8BE-8E76-4DEE-BBF6-7BB701F968AE}.Debug|Any CPU.ActiveCfg = Debug|Any CPU
		{0A9FA8BE-8E76-4DEE-BBF6-7BB701F968AE}.Debug|Any CPU.Build.0 = Debug|Any CPU
		{0A9FA8BE-8E76-4DEE-BBF6-7BB701F968AE}.Release|Any CPU.ActiveCfg = Release|Any CPU
		{0A9FA8BE-8E76-4DEE-BBF6-7BB701F968AE}.Release|Any CPU.Build.0 = Release|Any CPU
	EndGlobalSection
	GlobalSection(SolutionProperties) = preSolution
		HideSolutionNode = FALSE
	EndGlobalSection
	GlobalSection(ExtensibilityGlobals) = postSolution
		SolutionGuid = {53091D61-C4EF-4BF0-8A23-D71483F1F3C3}
	EndGlobalSection
EndGlobal
