
Microsoft Visual Studio Solution File, Format Version 12.00
# Visual Studio Version 16
VisualStudioVersion = 16.0.31911.196
MinimumVisualStudioVersion = 10.0.40219.1
Project("{FAE04EC0-301F-11D3-BF4B-00C04F79EFBC}") = "EJERCICIO4", "EJERCICIO4.csproj", "{8D09F6B3-B6A2-4EA0-BC40-7600F457EFB5}"
EndProject
Global
	GlobalSection(SolutionConfigurationPlatforms) = preSolution
		Debug|Any CPU = Debug|Any CPU
		Release|Any CPU = Release|Any CPU
	EndGlobalSection
	GlobalSection(ProjectConfigurationPlatforms) = postSolution
		{8D09F6B3-B6A2-4EA0-BC40-7600F457EFB5}.Debug|Any CPU.ActiveCfg = Debug|Any CPU
		{8D09F6B3-B6A2-4EA0-BC40-7600F457EFB5}.Debug|Any CPU.Build.0 = Debug|Any CPU
		{8D09F6B3-B6A2-4EA0-BC40-7600F457EFB5}.Release|Any CPU.ActiveCfg = Release|Any CPU
		{8D09F6B3-B6A2-4EA0-BC40-7600F457EFB5}.Release|Any CPU.Build.0 = Release|Any CPU
	EndGlobalSection
	GlobalSection(SolutionProperties) = preSolution
		HideSolutionNode = FALSE
	EndGlobalSection
	GlobalSection(ExtensibilityGlobals) = postSolution
		SolutionGuid = {E756EE34-4E8C-4520-8A24-1D93B5FBE984}
	EndGlobalSection
EndGlobal
